// !$*UTF8*$!
{
	archiveVersion = 1;
	classes = {
	};
	objectVersion = 51;
	objects = {

/* Begin PBXBuildFile section */
		0B6178432568A3930074FA73 /* AppDelegate.swift in Sources */ = {isa = PBXBuildFile; fileRef = 0B6178422568A3930074FA73 /* AppDelegate.swift */; };
		0B6178452568A3930074FA73 /* SceneDelegate.swift in Sources */ = {isa = PBXBuildFile; fileRef = 0B6178442568A3930074FA73 /* SceneDelegate.swift */; };
		0B6178472568A3930074FA73 /* ConversationsVC.swift in Sources */ = {isa = PBXBuildFile; fileRef = 0B6178462568A3930074FA73 /* ConversationsVC.swift */; };
		0B61784A2568A3930074FA73 /* Main.storyboard in Resources */ = {isa = PBXBuildFile; fileRef = 0B6178482568A3930074FA73 /* Main.storyboard */; };
		0B61784C2568A3940074FA73 /* Assets.xcassets in Resources */ = {isa = PBXBuildFile; fileRef = 0B61784B2568A3940074FA73 /* Assets.xcassets */; };
		0B61784F2568A3940074FA73 /* LaunchScreen.storyboard in Resources */ = {isa = PBXBuildFile; fileRef = 0B61784D2568A3940074FA73 /* LaunchScreen.storyboard */; };
		0B61785A2568A3940074FA73 /* MessengerTests.swift in Sources */ = {isa = PBXBuildFile; fileRef = 0B6178592568A3940074FA73 /* MessengerTests.swift */; };
		0B6178652568A3940074FA73 /* MessengerUITests.swift in Sources */ = {isa = PBXBuildFile; fileRef = 0B6178642568A3940074FA73 /* MessengerUITests.swift */; };
		0B6178822568A5EC0074FA73 /* LoginVC.swift in Sources */ = {isa = PBXBuildFile; fileRef = 0B6178812568A5EC0074FA73 /* LoginVC.swift */; };
		0B6178872568A6060074FA73 /* RegisterVC.swift in Sources */ = {isa = PBXBuildFile; fileRef = 0B6178862568A6060074FA73 /* RegisterVC.swift */; };
		0B61788C2568A62D0074FA73 /* PhotoViewerVC.swift in Sources */ = {isa = PBXBuildFile; fileRef = 0B61788B2568A62D0074FA73 /* PhotoViewerVC.swift */; };
		0B6178912568A64A0074FA73 /* VideoPlayerVC.swift in Sources */ = {isa = PBXBuildFile; fileRef = 0B6178902568A64A0074FA73 /* VideoPlayerVC.swift */; };
		0B6178962568A6720074FA73 /* NewConversationVC.swift in Sources */ = {isa = PBXBuildFile; fileRef = 0B6178952568A6720074FA73 /* NewConversationVC.swift */; };
		0B61789B2568A6900074FA73 /* ProfileVC.swift in Sources */ = {isa = PBXBuildFile; fileRef = 0B61789A2568A6900074FA73 /* ProfileVC.swift */; };
		0B63CCA0256942730018D8DB /* Extensions.swift in Sources */ = {isa = PBXBuildFile; fileRef = 0B63CC9F256942730018D8DB /* Extensions.swift */; };
		0B64C39B2569D44E002DBE50 /* DatabaseManager.swift in Sources */ = {isa = PBXBuildFile; fileRef = 0B64C39A2569D44E002DBE50 /* DatabaseManager.swift */; };
		0B6E1D352569AC320048986D /* GoogleService-Info.plist in Resources */ = {isa = PBXBuildFile; fileRef = 0B6E1D342569AC320048986D /* GoogleService-Info.plist */; };
		207EA018FEE82EF5FC4CF605 /* Pods_MessengerTests.framework in Frameworks */ = {isa = PBXBuildFile; fileRef = 64022DFB4EF90348AFBB6780 /* Pods_MessengerTests.framework */; };
		AE294F83CF92267FB179792C /* Pods_Messenger.framework in Frameworks */ = {isa = PBXBuildFile; fileRef = AC703BFFCA739B15F900CCD1 /* Pods_Messenger.framework */; };
		AFF1E386EE034EC335BB9A9B /* Pods_Messenger_MessengerUITests.framework in Frameworks */ = {isa = PBXBuildFile; fileRef = BF3D025A7F92BC1C3650A5F8 /* Pods_Messenger_MessengerUITests.framework */; };
/* End PBXBuildFile section */

/* Begin PBXContainerItemProxy section */
		0B6178562568A3940074FA73 /* PBXContainerItemProxy */ = {
			isa = PBXContainerItemProxy;
			containerPortal = 0B6178372568A3930074FA73 /* Project object */;
			proxyType = 1;
			remoteGlobalIDString = 0B61783E2568A3930074FA73;
			remoteInfo = Messenger;
		};
		0B6178612568A3940074FA73 /* PBXContainerItemProxy */ = {
			isa = PBXContainerItemProxy;
			containerPortal = 0B6178372568A3930074FA73 /* Project object */;
			proxyType = 1;
			remoteGlobalIDString = 0B61783E2568A3930074FA73;
			remoteInfo = Messenger;
		};
/* End PBXContainerItemProxy section */

/* Begin PBXFileReference section */
		0B61783F2568A3930074FA73 /* Messenger.app */ = {isa = PBXFileReference; explicitFileType = wrapper.application; includeInIndex = 0; path = Messenger.app; sourceTree = BUILT_PRODUCTS_DIR; };
		0B6178422568A3930074FA73 /* AppDelegate.swift */ = {isa = PBXFileReference; lastKnownFileType = sourcecode.swift; path = AppDelegate.swift; sourceTree = "<group>"; };
		0B6178442568A3930074FA73 /* SceneDelegate.swift */ = {isa = PBXFileReference; lastKnownFileType = sourcecode.swift; path = SceneDelegate.swift; sourceTree = "<group>"; };
		0B6178462568A3930074FA73 /* ConversationsVC.swift */ = {isa = PBXFileReference; lastKnownFileType = sourcecode.swift; path = ConversationsVC.swift; sourceTree = "<group>"; };
		0B6178492568A3930074FA73 /* Base */ = {isa = PBXFileReference; lastKnownFileType = file.storyboard; name = Base; path = Base.lproj/Main.storyboard; sourceTree = "<group>"; };
		0B61784B2568A3940074FA73 /* Assets.xcassets */ = {isa = PBXFileReference; lastKnownFileType = folder.assetcatalog; path = Assets.xcassets; sourceTree = "<group>"; };
		0B61784E2568A3940074FA73 /* Base */ = {isa = PBXFileReference; lastKnownFileType = file.storyboard; name = Base; path = Base.lproj/LaunchScreen.storyboard; sourceTree = "<group>"; };
		0B6178502568A3940074FA73 /* Info.plist */ = {isa = PBXFileReference; lastKnownFileType = text.plist.xml; path = Info.plist; sourceTree = "<group>"; };
		0B6178552568A3940074FA73 /* MessengerTests.xctest */ = {isa = PBXFileReference; explicitFileType = wrapper.cfbundle; includeInIndex = 0; path = MessengerTests.xctest; sourceTree = BUILT_PRODUCTS_DIR; };
		0B6178592568A3940074FA73 /* MessengerTests.swift */ = {isa = PBXFileReference; lastKnownFileType = sourcecode.swift; path = MessengerTests.swift; sourceTree = "<group>"; };
		0B61785B2568A3940074FA73 /* Info.plist */ = {isa = PBXFileReference; lastKnownFileType = text.plist.xml; path = Info.plist; sourceTree = "<group>"; };
		0B6178602568A3940074FA73 /* MessengerUITests.xctest */ = {isa = PBXFileReference; explicitFileType = wrapper.cfbundle; includeInIndex = 0; path = MessengerUITests.xctest; sourceTree = BUILT_PRODUCTS_DIR; };
		0B6178642568A3940074FA73 /* MessengerUITests.swift */ = {isa = PBXFileReference; lastKnownFileType = sourcecode.swift; path = MessengerUITests.swift; sourceTree = "<group>"; };
		0B6178662568A3940074FA73 /* Info.plist */ = {isa = PBXFileReference; lastKnownFileType = text.plist.xml; path = Info.plist; sourceTree = "<group>"; };
		0B6178812568A5EC0074FA73 /* LoginVC.swift */ = {isa = PBXFileReference; lastKnownFileType = sourcecode.swift; path = LoginVC.swift; sourceTree = "<group>"; };
		0B6178862568A6060074FA73 /* RegisterVC.swift */ = {isa = PBXFileReference; lastKnownFileType = sourcecode.swift; path = RegisterVC.swift; sourceTree = "<group>"; };
		0B61788B2568A62D0074FA73 /* PhotoViewerVC.swift */ = {isa = PBXFileReference; lastKnownFileType = sourcecode.swift; path = PhotoViewerVC.swift; sourceTree = "<group>"; };
		0B6178902568A64A0074FA73 /* VideoPlayerVC.swift */ = {isa = PBXFileReference; lastKnownFileType = sourcecode.swift; path = VideoPlayerVC.swift; sourceTree = "<group>"; };
		0B6178952568A6720074FA73 /* NewConversationVC.swift */ = {isa = PBXFileReference; lastKnownFileType = sourcecode.swift; path = NewConversationVC.swift; sourceTree = "<group>"; };
		0B61789A2568A6900074FA73 /* ProfileVC.swift */ = {isa = PBXFileReference; lastKnownFileType = sourcecode.swift; path = ProfileVC.swift; sourceTree = "<group>"; };
		0B63CC9F256942730018D8DB /* Extensions.swift */ = {isa = PBXFileReference; lastKnownFileType = sourcecode.swift; path = Extensions.swift; sourceTree = "<group>"; };
		0B64C39A2569D44E002DBE50 /* DatabaseManager.swift */ = {isa = PBXFileReference; lastKnownFileType = sourcecode.swift; path = DatabaseManager.swift; sourceTree = "<group>"; };
		0B6E1D342569AC320048986D /* GoogleService-Info.plist */ = {isa = PBXFileReference; fileEncoding = 4; lastKnownFileType = text.plist.xml; name = "GoogleService-Info.plist"; path = "../../../../Downloads/GoogleService-Info.plist"; sourceTree = "<group>"; };
		63FA94E1494C95DE16BA2324 /* Pods-Messenger-MessengerUITests.debug.xcconfig */ = {isa = PBXFileReference; includeInIndex = 1; lastKnownFileType = text.xcconfig; name = "Pods-Messenger-MessengerUITests.debug.xcconfig"; path = "Target Support Files/Pods-Messenger-MessengerUITests/Pods-Messenger-MessengerUITests.debug.xcconfig"; sourceTree = "<group>"; };
		64022DFB4EF90348AFBB6780 /* Pods_MessengerTests.framework */ = {isa = PBXFileReference; explicitFileType = wrapper.framework; includeInIndex = 0; path = Pods_MessengerTests.framework; sourceTree = BUILT_PRODUCTS_DIR; };
		9232950576C16C98B821EDAC /* Pods-Messenger.debug.xcconfig */ = {isa = PBXFileReference; includeInIndex = 1; lastKnownFileType = text.xcconfig; name = "Pods-Messenger.debug.xcconfig"; path = "Target Support Files/Pods-Messenger/Pods-Messenger.debug.xcconfig"; sourceTree = "<group>"; };
		A0C9A4492E9798282244FED0 /* Pods-MessengerTests.release.xcconfig */ = {isa = PBXFileReference; includeInIndex = 1; lastKnownFileType = text.xcconfig; name = "Pods-MessengerTests.release.xcconfig"; path = "Target Support Files/Pods-MessengerTests/Pods-MessengerTests.release.xcconfig"; sourceTree = "<group>"; };
		AC703BFFCA739B15F900CCD1 /* Pods_Messenger.framework */ = {isa = PBXFileReference; explicitFileType = wrapper.framework; includeInIndex = 0; path = Pods_Messenger.framework; sourceTree = BUILT_PRODUCTS_DIR; };
		BE4BA13068D7F88C2CBA8C9E /* Pods-Messenger.release.xcconfig */ = {isa = PBXFileReference; includeInIndex = 1; lastKnownFileType = text.xcconfig; name = "Pods-Messenger.release.xcconfig"; path = "Target Support Files/Pods-Messenger/Pods-Messenger.release.xcconfig"; sourceTree = "<group>"; };
		BF3D025A7F92BC1C3650A5F8 /* Pods_Messenger_MessengerUITests.framework */ = {isa = PBXFileReference; explicitFileType = wrapper.framework; includeInIndex = 0; path = Pods_Messenger_MessengerUITests.framework; sourceTree = BUILT_PRODUCTS_DIR; };
		C754C47CF405E5A90226C430 /* Pods-MessengerTests.debug.xcconfig */ = {isa = PBXFileReference; includeInIndex = 1; lastKnownFileType = text.xcconfig; name = "Pods-MessengerTests.debug.xcconfig"; path = "Target Support Files/Pods-MessengerTests/Pods-MessengerTests.debug.xcconfig"; sourceTree = "<group>"; };
		E3282E0667F354A4A722857D /* Pods-Messenger-MessengerUITests.release.xcconfig */ = {isa = PBXFileReference; includeInIndex = 1; lastKnownFileType = text.xcconfig; name = "Pods-Messenger-MessengerUITests.release.xcconfig"; path = "Target Support Files/Pods-Messenger-MessengerUITests/Pods-Messenger-MessengerUITests.release.xcconfig"; sourceTree = "<group>"; };
/* End PBXFileReference section */

/* Begin PBXFrameworksBuildPhase section */
		0B61783C2568A3930074FA73 /* Frameworks */ = {
			isa = PBXFrameworksBuildPhase;
			buildActionMask = 2147483647;
			files = (
				AE294F83CF92267FB179792C /* Pods_Messenger.framework in Frameworks */,
			);
			runOnlyForDeploymentPostprocessing = 0;
		};
		0B6178522568A3940074FA73 /* Frameworks */ = {
			isa = PBXFrameworksBuildPhase;
			buildActionMask = 2147483647;
			files = (
				207EA018FEE82EF5FC4CF605 /* Pods_MessengerTests.framework in Frameworks */,
			);
			runOnlyForDeploymentPostprocessing = 0;
		};
		0B61785D2568A3940074FA73 /* Frameworks */ = {
			isa = PBXFrameworksBuildPhase;
			buildActionMask = 2147483647;
			files = (
				AFF1E386EE034EC335BB9A9B /* Pods_Messenger_MessengerUITests.framework in Frameworks */,
			);
			runOnlyForDeploymentPostprocessing = 0;
		};
/* End PBXFrameworksBuildPhase section */

/* Begin PBXGroup section */
		0B6178362568A3930074FA73 = {
			isa = PBXGroup;
			children = (
				0B6178412568A3930074FA73 /* Messenger */,
				0B6178582568A3940074FA73 /* MessengerTests */,
				0B6178632568A3940074FA73 /* MessengerUITests */,
				0B6178402568A3930074FA73 /* Products */,
				9B0DA6CF74D629FB1D0834C1 /* Pods */,
				41979DACFC8771E313F615D9 /* Frameworks */,
			);
			sourceTree = "<group>";
		};
		0B6178402568A3930074FA73 /* Products */ = {
			isa = PBXGroup;
			children = (
				0B61783F2568A3930074FA73 /* Messenger.app */,
				0B6178552568A3940074FA73 /* MessengerTests.xctest */,
				0B6178602568A3940074FA73 /* MessengerUITests.xctest */,
			);
			name = Products;
			sourceTree = "<group>";
		};
		0B6178412568A3930074FA73 /* Messenger */ = {
			isa = PBXGroup;
			children = (
				0B6E1D342569AC320048986D /* GoogleService-Info.plist */,
				0B6178792568A49F0074FA73 /* Resources */,
				0B6178782568A48A0074FA73 /* ViewModels */,
				0B6178772568A4800074FA73 /* Models */,
				0B6178762568A47A0074FA73 /* Views */,
				0B6178752568A4690074FA73 /* Controllers */,
				0B6178502568A3940074FA73 /* Info.plist */,
			);
			path = Messenger;
			sourceTree = "<group>";
		};
		0B6178582568A3940074FA73 /* MessengerTests */ = {
			isa = PBXGroup;
			children = (
				0B6178592568A3940074FA73 /* MessengerTests.swift */,
				0B61785B2568A3940074FA73 /* Info.plist */,
			);
			path = MessengerTests;
			sourceTree = "<group>";
		};
		0B6178632568A3940074FA73 /* MessengerUITests */ = {
			isa = PBXGroup;
			children = (
				0B6178642568A3940074FA73 /* MessengerUITests.swift */,
				0B6178662568A3940074FA73 /* Info.plist */,
			);
			path = MessengerUITests;
			sourceTree = "<group>";
		};
		0B6178752568A4690074FA73 /* Controllers */ = {
			isa = PBXGroup;
			children = (
				0B6178462568A3930074FA73 /* ConversationsVC.swift */,
				0B61789F2568A8280074FA73 /* Login */,
				0B61788B2568A62D0074FA73 /* PhotoViewerVC.swift */,
				0B6178902568A64A0074FA73 /* VideoPlayerVC.swift */,
				0B6178952568A6720074FA73 /* NewConversationVC.swift */,
				0B61789A2568A6900074FA73 /* ProfileVC.swift */,
			);
			path = Controllers;
			sourceTree = "<group>";
		};
		0B6178762568A47A0074FA73 /* Views */ = {
			isa = PBXGroup;
			children = (
				0B61787A2568A4D50074FA73 /* Storyboards */,
				0B61784B2568A3940074FA73 /* Assets.xcassets */,
				0B61784D2568A3940074FA73 /* LaunchScreen.storyboard */,
			);
			path = Views;
			sourceTree = "<group>";
		};
		0B6178772568A4800074FA73 /* Models */ = {
			isa = PBXGroup;
			children = (
			);
			path = Models;
			sourceTree = "<group>";
		};
		0B6178782568A48A0074FA73 /* ViewModels */ = {
			isa = PBXGroup;
			children = (
			);
			path = ViewModels;
			sourceTree = "<group>";
		};
		0B6178792568A49F0074FA73 /* Resources */ = {
			isa = PBXGroup;
			children = (
				0B6178422568A3930074FA73 /* AppDelegate.swift */,
				0B6178442568A3930074FA73 /* SceneDelegate.swift */,
				0B63CC9F256942730018D8DB /* Extensions.swift */,
				0B64C39A2569D44E002DBE50 /* DatabaseManager.swift */,
			);
			path = Resources;
			sourceTree = "<group>";
		};
		0B61787A2568A4D50074FA73 /* Storyboards */ = {
			isa = PBXGroup;
			children = (
				0B6178482568A3930074FA73 /* Main.storyboard */,
			);
			path = Storyboards;
			sourceTree = "<group>";
		};
		0B61789F2568A8280074FA73 /* Login */ = {
			isa = PBXGroup;
			children = (
				0B6178812568A5EC0074FA73 /* LoginVC.swift */,
				0B6178862568A6060074FA73 /* RegisterVC.swift */,
			);
			path = Login;
			sourceTree = "<group>";
		};
		41979DACFC8771E313F615D9 /* Frameworks */ = {
			isa = PBXGroup;
			children = (
				AC703BFFCA739B15F900CCD1 /* Pods_Messenger.framework */,
				BF3D025A7F92BC1C3650A5F8 /* Pods_Messenger_MessengerUITests.framework */,
				64022DFB4EF90348AFBB6780 /* Pods_MessengerTests.framework */,
			);
			name = Frameworks;
			sourceTree = "<group>";
		};
		9B0DA6CF74D629FB1D0834C1 /* Pods */ = {
			isa = PBXGroup;
			children = (
				9232950576C16C98B821EDAC /* Pods-Messenger.debug.xcconfig */,
				BE4BA13068D7F88C2CBA8C9E /* Pods-Messenger.release.xcconfig */,
				63FA94E1494C95DE16BA2324 /* Pods-Messenger-MessengerUITests.debug.xcconfig */,
				E3282E0667F354A4A722857D /* Pods-Messenger-MessengerUITests.release.xcconfig */,
				C754C47CF405E5A90226C430 /* Pods-MessengerTests.debug.xcconfig */,
				A0C9A4492E9798282244FED0 /* Pods-MessengerTests.release.xcconfig */,
			);
			path = Pods;
			sourceTree = "<group>";
		};
/* End PBXGroup section */

/* Begin PBXNativeTarget section */
		0B61783E2568A3930074FA73 /* Messenger */ = {
			isa = PBXNativeTarget;
			buildConfigurationList = 0B6178692568A3940074FA73 /* Build configuration list for PBXNativeTarget "Messenger" */;
			buildPhases = (
				41069A2A0537776E9ABDD9FC /* [CP] Check Pods Manifest.lock */,
				0B61783B2568A3930074FA73 /* Sources */,
				0B61783C2568A3930074FA73 /* Frameworks */,
				0B61783D2568A3930074FA73 /* Resources */,
				DD18DBE4C00F8C251D83D0E9 /* [CP] Embed Pods Frameworks */,
			);
			buildRules = (
			);
			dependencies = (
			);
			name = Messenger;
			productName = Messenger;
			productReference = 0B61783F2568A3930074FA73 /* Messenger.app */;
			productType = "com.apple.product-type.application";
		};
		0B6178542568A3940074FA73 /* MessengerTests */ = {
			isa = PBXNativeTarget;
			buildConfigurationList = 0B61786C2568A3940074FA73 /* Build configuration list for PBXNativeTarget "MessengerTests" */;
			buildPhases = (
				8B8ECAA5D227819438F693B7 /* [CP] Check Pods Manifest.lock */,
				0B6178512568A3940074FA73 /* Sources */,
				0B6178522568A3940074FA73 /* Frameworks */,
				0B6178532568A3940074FA73 /* Resources */,
			);
			buildRules = (
			);
			dependencies = (
				0B6178572568A3940074FA73 /* PBXTargetDependency */,
			);
			name = MessengerTests;
			productName = MessengerTests;
			productReference = 0B6178552568A3940074FA73 /* MessengerTests.xctest */;
			productType = "com.apple.product-type.bundle.unit-test";
		};
		0B61785F2568A3940074FA73 /* MessengerUITests */ = {
			isa = PBXNativeTarget;
			buildConfigurationList = 0B61786F2568A3940074FA73 /* Build configuration list for PBXNativeTarget "MessengerUITests" */;
			buildPhases = (
				F203FE394234D34888585205 /* [CP] Check Pods Manifest.lock */,
				0B61785C2568A3940074FA73 /* Sources */,
				0B61785D2568A3940074FA73 /* Frameworks */,
				0B61785E2568A3940074FA73 /* Resources */,
				495B3630F5139E0666E226D7 /* [CP] Embed Pods Frameworks */,
			);
			buildRules = (
			);
			dependencies = (
				0B6178622568A3940074FA73 /* PBXTargetDependency */,
			);
			name = MessengerUITests;
			productName = MessengerUITests;
			productReference = 0B6178602568A3940074FA73 /* MessengerUITests.xctest */;
			productType = "com.apple.product-type.bundle.ui-testing";
		};
/* End PBXNativeTarget section */

/* Begin PBXProject section */
		0B6178372568A3930074FA73 /* Project object */ = {
			isa = PBXProject;
			attributes = {
				LastSwiftUpdateCheck = 1220;
				LastUpgradeCheck = 1220;
				TargetAttributes = {
					0B61783E2568A3930074FA73 = {
						CreatedOnToolsVersion = 12.2;
					};
					0B6178542568A3940074FA73 = {
						CreatedOnToolsVersion = 12.2;
						TestTargetID = 0B61783E2568A3930074FA73;
					};
					0B61785F2568A3940074FA73 = {
						CreatedOnToolsVersion = 12.2;
						TestTargetID = 0B61783E2568A3930074FA73;
					};
				};
			};
			buildConfigurationList = 0B61783A2568A3930074FA73 /* Build configuration list for PBXProject "Messenger" */;
			compatibilityVersion = "Xcode 9.3";
			developmentRegion = en;
			hasScannedForEncodings = 0;
			knownRegions = (
				en,
				Base,
			);
			mainGroup = 0B6178362568A3930074FA73;
			productRefGroup = 0B6178402568A3930074FA73 /* Products */;
			projectDirPath = "";
			projectRoot = "";
			targets = (
				0B61783E2568A3930074FA73 /* Messenger */,
				0B6178542568A3940074FA73 /* MessengerTests */,
				0B61785F2568A3940074FA73 /* MessengerUITests */,
			);
		};
/* End PBXProject section */

/* Begin PBXResourcesBuildPhase section */
		0B61783D2568A3930074FA73 /* Resources */ = {
			isa = PBXResourcesBuildPhase;
			buildActionMask = 2147483647;
			files = (
				0B61784F2568A3940074FA73 /* LaunchScreen.storyboard in Resources */,
				0B6E1D352569AC320048986D /* GoogleService-Info.plist in Resources */,
				0B61784C2568A3940074FA73 /* Assets.xcassets in Resources */,
				0B61784A2568A3930074FA73 /* Main.storyboard in Resources */,
			);
			runOnlyForDeploymentPostprocessing = 0;
		};
		0B6178532568A3940074FA73 /* Resources */ = {
			isa = PBXResourcesBuildPhase;
			buildActionMask = 2147483647;
			files = (
			);
			runOnlyForDeploymentPostprocessing = 0;
		};
		0B61785E2568A3940074FA73 /* Resources */ = {
			isa = PBXResourcesBuildPhase;
			buildActionMask = 2147483647;
			files = (
			);
			runOnlyForDeploymentPostprocessing = 0;
		};
/* End PBXResourcesBuildPhase section */

/* Begin PBXShellScriptBuildPhase section */
		41069A2A0537776E9ABDD9FC /* [CP] Check Pods Manifest.lock */ = {
			isa = PBXShellScriptBuildPhase;
			buildActionMask = 2147483647;
			files = (
			);
			inputFileListPaths = (
			);
			inputPaths = (
				"${PODS_PODFILE_DIR_PATH}/Podfile.lock",
				"${PODS_ROOT}/Manifest.lock",
			);
			name = "[CP] Check Pods Manifest.lock";
			outputFileListPaths = (
			);
			outputPaths = (
				"$(DERIVED_FILE_DIR)/Pods-Messenger-checkManifestLockResult.txt",
			);
			runOnlyForDeploymentPostprocessing = 0;
			shellPath = /bin/sh;
			shellScript = "diff \"${PODS_PODFILE_DIR_PATH}/Podfile.lock\" \"${PODS_ROOT}/Manifest.lock\" > /dev/null\nif [ $? != 0 ] ; then\n    # print error to STDERR\n    echo \"error: The sandbox is not in sync with the Podfile.lock. Run 'pod install' or update your CocoaPods installation.\" >&2\n    exit 1\nfi\n# This output is used by Xcode 'outputs' to avoid re-running this script phase.\necho \"SUCCESS\" > \"${SCRIPT_OUTPUT_FILE_0}\"\n";
			showEnvVarsInLog = 0;
		};
		495B3630F5139E0666E226D7 /* [CP] Embed Pods Frameworks */ = {
			isa = PBXShellScriptBuildPhase;
			buildActionMask = 2147483647;
			files = (
			);
			inputFileListPaths = (
				"${PODS_ROOT}/Target Support Files/Pods-Messenger-MessengerUITests/Pods-Messenger-MessengerUITests-frameworks-${CONFIGURATION}-input-files.xcfilelist",
			);
			name = "[CP] Embed Pods Frameworks";
			outputFileListPaths = (
				"${PODS_ROOT}/Target Support Files/Pods-Messenger-MessengerUITests/Pods-Messenger-MessengerUITests-frameworks-${CONFIGURATION}-output-files.xcfilelist",
			);
			runOnlyForDeploymentPostprocessing = 0;
			shellPath = /bin/sh;
			shellScript = "\"${PODS_ROOT}/Target Support Files/Pods-Messenger-MessengerUITests/Pods-Messenger-MessengerUITests-frameworks.sh\"\n";
			showEnvVarsInLog = 0;
		};
		8B8ECAA5D227819438F693B7 /* [CP] Check Pods Manifest.lock */ = {
			isa = PBXShellScriptBuildPhase;
			buildActionMask = 2147483647;
			files = (
			);
			inputFileListPaths = (
			);
			inputPaths = (
				"${PODS_PODFILE_DIR_PATH}/Podfile.lock",
				"${PODS_ROOT}/Manifest.lock",
			);
			name = "[CP] Check Pods Manifest.lock";
			outputFileListPaths = (
			);
			outputPaths = (
				"$(DERIVED_FILE_DIR)/Pods-MessengerTests-checkManifestLockResult.txt",
			);
			runOnlyForDeploymentPostprocessing = 0;
			shellPath = /bin/sh;
			shellScript = "diff \"${PODS_PODFILE_DIR_PATH}/Podfile.lock\" \"${PODS_ROOT}/Manifest.lock\" > /dev/null\nif [ $? != 0 ] ; then\n    # print error to STDERR\n    echo \"error: The sandbox is not in sync with the Podfile.lock. Run 'pod install' or update your CocoaPods installation.\" >&2\n    exit 1\nfi\n# This output is used by Xcode 'outputs' to avoid re-running this script phase.\necho \"SUCCESS\" > \"${SCRIPT_OUTPUT_FILE_0}\"\n";
			showEnvVarsInLog = 0;
		};
		DD18DBE4C00F8C251D83D0E9 /* [CP] Embed Pods Frameworks */ = {
			isa = PBXShellScriptBuildPhase;
			buildActionMask = 2147483647;
			files = (
			);
			inputFileListPaths = (
				"${PODS_ROOT}/Target Support Files/Pods-Messenger/Pods-Messenger-frameworks-${CONFIGURATION}-input-files.xcfilelist",
			);
			name = "[CP] Embed Pods Frameworks";
			outputFileListPaths = (
				"${PODS_ROOT}/Target Support Files/Pods-Messenger/Pods-Messenger-frameworks-${CONFIGURATION}-output-files.xcfilelist",
			);
			runOnlyForDeploymentPostprocessing = 0;
			shellPath = /bin/sh;
			shellScript = "\"${PODS_ROOT}/Target Support Files/Pods-Messenger/Pods-Messenger-frameworks.sh\"\n";
			showEnvVarsInLog = 0;
		};
		F203FE394234D34888585205 /* [CP] Check Pods Manifest.lock */ = {
			isa = PBXShellScriptBuildPhase;
			buildActionMask = 2147483647;
			files = (
			);
			inputFileListPaths = (
			);
			inputPaths = (
				"${PODS_PODFILE_DIR_PATH}/Podfile.lock",
				"${PODS_ROOT}/Manifest.lock",
			);
			name = "[CP] Check Pods Manifest.lock";
			outputFileListPaths = (
			);
			outputPaths = (
				"$(DERIVED_FILE_DIR)/Pods-Messenger-MessengerUITests-checkManifestLockResult.txt",
			);
			runOnlyForDeploymentPostprocessing = 0;
			shellPath = /bin/sh;
			shellScript = "diff \"${PODS_PODFILE_DIR_PATH}/Podfile.lock\" \"${PODS_ROOT}/Manifest.lock\" > /dev/null\nif [ $? != 0 ] ; then\n    # print error to STDERR\n    echo \"error: The sandbox is not in sync with the Podfile.lock. Run 'pod install' or update your CocoaPods installation.\" >&2\n    exit 1\nfi\n# This output is used by Xcode 'outputs' to avoid re-running this script phase.\necho \"SUCCESS\" > \"${SCRIPT_OUTPUT_FILE_0}\"\n";
			showEnvVarsInLog = 0;
		};
/* End PBXShellScriptBuildPhase section */

/* Begin PBXSourcesBuildPhase section */
		0B61783B2568A3930074FA73 /* Sources */ = {
			isa = PBXSourcesBuildPhase;
			buildActionMask = 2147483647;
			files = (
				0B6178962568A6720074FA73 /* NewConversationVC.swift in Sources */,
				0B64C39B2569D44E002DBE50 /* DatabaseManager.swift in Sources */,
				0B6178912568A64A0074FA73 /* VideoPlayerVC.swift in Sources */,
				0B6178472568A3930074FA73 /* ConversationsVC.swift in Sources */,
				0B61789B2568A6900074FA73 /* ProfileVC.swift in Sources */,
				0B6178432568A3930074FA73 /* AppDelegate.swift in Sources */,
				0B63CCA0256942730018D8DB /* Extensions.swift in Sources */,
				0B6178822568A5EC0074FA73 /* LoginVC.swift in Sources */,
				0B61788C2568A62D0074FA73 /* PhotoViewerVC.swift in Sources */,
				0B6178452568A3930074FA73 /* SceneDelegate.swift in Sources */,
				0B6178872568A6060074FA73 /* RegisterVC.swift in Sources */,
			);
			runOnlyForDeploymentPostprocessing = 0;
		};
		0B6178512568A3940074FA73 /* Sources */ = {
			isa = PBXSourcesBuildPhase;
			buildActionMask = 2147483647;
			files = (
				0B61785A2568A3940074FA73 /* MessengerTests.swift in Sources */,
			);
			runOnlyForDeploymentPostprocessing = 0;
		};
		0B61785C2568A3940074FA73 /* Sources */ = {
			isa = PBXSourcesBuildPhase;
			buildActionMask = 2147483647;
			files = (
				0B6178652568A3940074FA73 /* MessengerUITests.swift in Sources */,
			);
			runOnlyForDeploymentPostprocessing = 0;
		};
/* End PBXSourcesBuildPhase section */

/* Begin PBXTargetDependency section */
		0B6178572568A3940074FA73 /* PBXTargetDependency */ = {
			isa = PBXTargetDependency;
			target = 0B61783E2568A3930074FA73 /* Messenger */;
			targetProxy = 0B6178562568A3940074FA73 /* PBXContainerItemProxy */;
		};
		0B6178622568A3940074FA73 /* PBXTargetDependency */ = {
			isa = PBXTargetDependency;
			target = 0B61783E2568A3930074FA73 /* Messenger */;
			targetProxy = 0B6178612568A3940074FA73 /* PBXContainerItemProxy */;
		};
/* End PBXTargetDependency section */

/* Begin PBXVariantGroup section */
		0B6178482568A3930074FA73 /* Main.storyboard */ = {
			isa = PBXVariantGroup;
			children = (
				0B6178492568A3930074FA73 /* Base */,
			);
			name = Main.storyboard;
			sourceTree = "<group>";
		};
		0B61784D2568A3940074FA73 /* LaunchScreen.storyboard */ = {
			isa = PBXVariantGroup;
			children = (
				0B61784E2568A3940074FA73 /* Base */,
			);
			name = LaunchScreen.storyboard;
			sourceTree = "<group>";
		};
/* End PBXVariantGroup section */

/* Begin XCBuildConfiguration section */
		0B6178672568A3940074FA73 /* Debug */ = {
			isa = XCBuildConfiguration;
			buildSettings = {
				ALWAYS_SEARCH_USER_PATHS = NO;
				CLANG_ANALYZER_NONNULL = YES;
				CLANG_ANALYZER_NUMBER_OBJECT_CONVERSION = YES_AGGRESSIVE;
				CLANG_CXX_LANGUAGE_STANDARD = "gnu++14";
				CLANG_CXX_LIBRARY = "libc++";
				CLANG_ENABLE_MODULES = YES;
				CLANG_ENABLE_OBJC_ARC = YES;
				CLANG_ENABLE_OBJC_WEAK = YES;
				CLANG_WARN_BLOCK_CAPTURE_AUTORELEASING = YES;
				CLANG_WARN_BOOL_CONVERSION = YES;
				CLANG_WARN_COMMA = YES;
				CLANG_WARN_CONSTANT_CONVERSION = YES;
				CLANG_WARN_DEPRECATED_OBJC_IMPLEMENTATIONS = YES;
				CLANG_WARN_DIRECT_OBJC_ISA_USAGE = YES_ERROR;
				CLANG_WARN_DOCUMENTATION_COMMENTS = YES;
				CLANG_WARN_EMPTY_BODY = YES;
				CLANG_WARN_ENUM_CONVERSION = YES;
				CLANG_WARN_INFINITE_RECURSION = YES;
				CLANG_WARN_INT_CONVERSION = YES;
				CLANG_WARN_NON_LITERAL_NULL_CONVERSION = YES;
				CLANG_WARN_OBJC_IMPLICIT_RETAIN_SELF = YES;
				CLANG_WARN_OBJC_LITERAL_CONVERSION = YES;
				CLANG_WARN_OBJC_ROOT_CLASS = YES_ERROR;
				CLANG_WARN_QUOTED_INCLUDE_IN_FRAMEWORK_HEADER = YES;
				CLANG_WARN_RANGE_LOOP_ANALYSIS = YES;
				CLANG_WARN_STRICT_PROTOTYPES = YES;
				CLANG_WARN_SUSPICIOUS_MOVE = YES;
				CLANG_WARN_UNGUARDED_AVAILABILITY = YES_AGGRESSIVE;
				CLANG_WARN_UNREACHABLE_CODE = YES;
				CLANG_WARN__DUPLICATE_METHOD_MATCH = YES;
				COPY_PHASE_STRIP = NO;
				DEBUG_INFORMATION_FORMAT = dwarf;
				ENABLE_STRICT_OBJC_MSGSEND = YES;
				ENABLE_TESTABILITY = YES;
				GCC_C_LANGUAGE_STANDARD = gnu11;
				GCC_DYNAMIC_NO_PIC = NO;
				GCC_NO_COMMON_BLOCKS = YES;
				GCC_OPTIMIZATION_LEVEL = 0;
				GCC_PREPROCESSOR_DEFINITIONS = (
					"DEBUG=1",
					"$(inherited)",
				);
				GCC_WARN_64_TO_32_BIT_CONVERSION = YES;
				GCC_WARN_ABOUT_RETURN_TYPE = YES_ERROR;
				GCC_WARN_UNDECLARED_SELECTOR = YES;
				GCC_WARN_UNINITIALIZED_AUTOS = YES_AGGRESSIVE;
				GCC_WARN_UNUSED_FUNCTION = YES;
				GCC_WARN_UNUSED_VARIABLE = YES;
				IPHONEOS_DEPLOYMENT_TARGET = 14.2;
				MTL_ENABLE_DEBUG_INFO = INCLUDE_SOURCE;
				MTL_FAST_MATH = YES;
				ONLY_ACTIVE_ARCH = YES;
				SDKROOT = iphoneos;
				SWIFT_ACTIVE_COMPILATION_CONDITIONS = DEBUG;
				SWIFT_OPTIMIZATION_LEVEL = "-Onone";
			};
			name = Debug;
		};
		0B6178682568A3940074FA73 /* Release */ = {
			isa = XCBuildConfiguration;
			buildSettings = {
				ALWAYS_SEARCH_USER_PATHS = NO;
				CLANG_ANALYZER_NONNULL = YES;
				CLANG_ANALYZER_NUMBER_OBJECT_CONVERSION = YES_AGGRESSIVE;
				CLANG_CXX_LANGUAGE_STANDARD = "gnu++14";
				CLANG_CXX_LIBRARY = "libc++";
				CLANG_ENABLE_MODULES = YES;
				CLANG_ENABLE_OBJC_ARC = YES;
				CLANG_ENABLE_OBJC_WEAK = YES;
				CLANG_WARN_BLOCK_CAPTURE_AUTORELEASING = YES;
				CLANG_WARN_BOOL_CONVERSION = YES;
				CLANG_WARN_COMMA = YES;
				CLANG_WARN_CONSTANT_CONVERSION = YES;
				CLANG_WARN_DEPRECATED_OBJC_IMPLEMENTATIONS = YES;
				CLANG_WARN_DIRECT_OBJC_ISA_USAGE = YES_ERROR;
				CLANG_WARN_DOCUMENTATION_COMMENTS = YES;
				CLANG_WARN_EMPTY_BODY = YES;
				CLANG_WARN_ENUM_CONVERSION = YES;
				CLANG_WARN_INFINITE_RECURSION = YES;
				CLANG_WARN_INT_CONVERSION = YES;
				CLANG_WARN_NON_LITERAL_NULL_CONVERSION = YES;
				CLANG_WARN_OBJC_IMPLICIT_RETAIN_SELF = YES;
				CLANG_WARN_OBJC_LITERAL_CONVERSION = YES;
				CLANG_WARN_OBJC_ROOT_CLASS = YES_ERROR;
				CLANG_WARN_QUOTED_INCLUDE_IN_FRAMEWORK_HEADER = YES;
				CLANG_WARN_RANGE_LOOP_ANALYSIS = YES;
				CLANG_WARN_STRICT_PROTOTYPES = YES;
				CLANG_WARN_SUSPICIOUS_MOVE = YES;
				CLANG_WARN_UNGUARDED_AVAILABILITY = YES_AGGRESSIVE;
				CLANG_WARN_UNREACHABLE_CODE = YES;
				CLANG_WARN__DUPLICATE_METHOD_MATCH = YES;
				COPY_PHASE_STRIP = NO;
				DEBUG_INFORMATION_FORMAT = "dwarf-with-dsym";
				ENABLE_NS_ASSERTIONS = NO;
				ENABLE_STRICT_OBJC_MSGSEND = YES;
				GCC_C_LANGUAGE_STANDARD = gnu11;
				GCC_NO_COMMON_BLOCKS = YES;
				GCC_WARN_64_TO_32_BIT_CONVERSION = YES;
				GCC_WARN_ABOUT_RETURN_TYPE = YES_ERROR;
				GCC_WARN_UNDECLARED_SELECTOR = YES;
				GCC_WARN_UNINITIALIZED_AUTOS = YES_AGGRESSIVE;
				GCC_WARN_UNUSED_FUNCTION = YES;
				GCC_WARN_UNUSED_VARIABLE = YES;
				IPHONEOS_DEPLOYMENT_TARGET = 14.2;
				MTL_ENABLE_DEBUG_INFO = NO;
				MTL_FAST_MATH = YES;
				SDKROOT = iphoneos;
				SWIFT_COMPILATION_MODE = wholemodule;
				SWIFT_OPTIMIZATION_LEVEL = "-O";
				VALIDATE_PRODUCT = YES;
			};
			name = Release;
		};
		0B61786A2568A3940074FA73 /* Debug */ = {
			isa = XCBuildConfiguration;
			baseConfigurationReference = 9232950576C16C98B821EDAC /* Pods-Messenger.debug.xcconfig */;
			buildSettings = {
				ASSETCATALOG_COMPILER_APPICON_NAME = AppIcon;
				ASSETCATALOG_COMPILER_GLOBAL_ACCENT_COLOR_NAME = AccentColor;
				CODE_SIGN_STYLE = Automatic;
				DEVELOPMENT_TEAM = PC2FT4VB82;
				INFOPLIST_FILE = Messenger/Info.plist;
				LD_RUNPATH_SEARCH_PATHS = (
					"$(inherited)",
					"@executable_path/Frameworks",
				);
				PRODUCT_BUNDLE_IDENTIFIER = com.codycondon.Messenger;
				PRODUCT_NAME = "$(TARGET_NAME)";
				SWIFT_VERSION = 5.0;
				TARGETED_DEVICE_FAMILY = 1;
			};
			name = Debug;
		};
		0B61786B2568A3940074FA73 /* Release */ = {
			isa = XCBuildConfiguration;
			baseConfigurationReference = BE4BA13068D7F88C2CBA8C9E /* Pods-Messenger.release.xcconfig */;
			buildSettings = {
				ASSETCATALOG_COMPILER_APPICON_NAME = AppIcon;
				ASSETCATALOG_COMPILER_GLOBAL_ACCENT_COLOR_NAME = AccentColor;
				CODE_SIGN_STYLE = Automatic;
				DEVELOPMENT_TEAM = PC2FT4VB82;
				INFOPLIST_FILE = Messenger/Info.plist;
				LD_RUNPATH_SEARCH_PATHS = (
					"$(inherited)",
					"@executable_path/Frameworks",
				);
				PRODUCT_BUNDLE_IDENTIFIER = com.codycondon.Messenger;
				PRODUCT_NAME = "$(TARGET_NAME)";
				SWIFT_VERSION = 5.0;
				TARGETED_DEVICE_FAMILY = 1;
			};
			name = Release;
		};
		0B61786D2568A3940074FA73 /* Debug */ = {
			isa = XCBuildConfiguration;
			baseConfigurationReference = C754C47CF405E5A90226C430 /* Pods-MessengerTests.debug.xcconfig */;
			buildSettings = {
				ALWAYS_EMBED_SWIFT_STANDARD_LIBRARIES = YES;
				BUNDLE_LOADER = "$(TEST_HOST)";
				CODE_SIGN_STYLE = Automatic;
				DEVELOPMENT_TEAM = PC2FT4VB82;
				INFOPLIST_FILE = MessengerTests/Info.plist;
				IPHONEOS_DEPLOYMENT_TARGET = 14.2;
				LD_RUNPATH_SEARCH_PATHS = (
					"$(inherited)",
					"@executable_path/Frameworks",
					"@loader_path/Frameworks",
				);
				PRODUCT_BUNDLE_IDENTIFIER = com.codycondon.MessengerTests;
				PRODUCT_NAME = "$(TARGET_NAME)";
				SWIFT_VERSION = 5.0;
				TARGETED_DEVICE_FAMILY = "1,2";
				TEST_HOST = "$(BUILT_PRODUCTS_DIR)/Messenger.app/Messenger";
			};
			name = Debug;
		};
		0B61786E2568A3940074FA73 /* Release */ = {
			isa = XCBuildConfiguration;
			baseConfigurationReference = A0C9A4492E9798282244FED0 /* Pods-MessengerTests.release.xcconfig */;
			buildSettings = {
				ALWAYS_EMBED_SWIFT_STANDARD_LIBRARIES = YES;
				BUNDLE_LOADER = "$(TEST_HOST)";
				CODE_SIGN_STYLE = Automatic;
				DEVELOPMENT_TEAM = PC2FT4VB82;
				INFOPLIST_FILE = MessengerTests/Info.plist;
				IPHONEOS_DEPLOYMENT_TARGET = 14.2;
				LD_RUNPATH_SEARCH_PATHS = (
					"$(inherited)",
					"@executable_path/Frameworks",
					"@loader_path/Frameworks",
				);
				PRODUCT_BUNDLE_IDENTIFIER = com.codycondon.MessengerTests;
				PRODUCT_NAME = "$(TARGET_NAME)";
				SWIFT_VERSION = 5.0;
				TARGETED_DEVICE_FAMILY = "1,2";
				TEST_HOST = "$(BUILT_PRODUCTS_DIR)/Messenger.app/Messenger";
			};
			name = Release;
		};
		0B6178702568A3940074FA73 /* Debug */ = {
			isa = XCBuildConfiguration;
			baseConfigurationReference = 63FA94E1494C95DE16BA2324 /* Pods-Messenger-MessengerUITests.debug.xcconfig */;
			buildSettings = {
				ALWAYS_EMBED_SWIFT_STANDARD_LIBRARIES = YES;
				CODE_SIGN_STYLE = Automatic;
				DEVELOPMENT_TEAM = PC2FT4VB82;
				INFOPLIST_FILE = MessengerUITests/Info.plist;
				LD_RUNPATH_SEARCH_PATHS = (
					"$(inherited)",
					"@executable_path/Frameworks",
					"@loader_path/Frameworks",
				);
				PRODUCT_BUNDLE_IDENTIFIER = com.codycondon.MessengerUITests;
				PRODUCT_NAME = "$(TARGET_NAME)";
				SWIFT_VERSION = 5.0;
				TARGETED_DEVICE_FAMILY = "1,2";
				TEST_TARGET_NAME = Messenger;
			};
			name = Debug;
		};
		0B6178712568A3940074FA73 /* Release */ = {
			isa = XCBuildConfiguration;
			baseConfigurationReference = E3282E0667F354A4A722857D /* Pods-Messenger-MessengerUITests.release.xcconfig */;
			buildSettings = {
				ALWAYS_EMBED_SWIFT_STANDARD_LIBRARIES = YES;
				CODE_SIGN_STYLE = Automatic;
				DEVELOPMENT_TEAM = PC2FT4VB82;
				INFOPLIST_FILE = MessengerUITests/Info.plist;
				LD_RUNPATH_SEARCH_PATHS = (
					"$(inherited)",
					"@executable_path/Frameworks",
					"@loader_path/Frameworks",
				);
				PRODUCT_BUNDLE_IDENTIFIER = com.codycondon.MessengerUITests;
				PRODUCT_NAME = "$(TARGET_NAME)";
				SWIFT_VERSION = 5.0;
				TARGETED_DEVICE_FAMILY = "1,2";
				TEST_TARGET_NAME = Messenger;
			};
			name = Release;
		};
/* End XCBuildConfiguration section */

/* Begin XCConfigurationList section */
		0B61783A2568A3930074FA73 /* Build configuration list for PBXProject "Messenger" */ = {
			isa = XCConfigurationList;
			buildConfigurations = (
				0B6178672568A3940074FA73 /* Debug */,
				0B6178682568A3940074FA73 /* Release */,
			);
			defaultConfigurationIsVisible = 0;
			defaultConfigurationName = Release;
		};
		0B6178692568A3940074FA73 /* Build configuration list for PBXNativeTarget "Messenger" */ = {
			isa = XCConfigurationList;
			buildConfigurations = (
				0B61786A2568A3940074FA73 /* Debug */,
				0B61786B2568A3940074FA73 /* Release */,
			);
			defaultConfigurationIsVisible = 0;
			defaultConfigurationName = Release;
		};
		0B61786C2568A3940074FA73 /* Build configuration list for PBXNativeTarget "MessengerTests" */ = {
			isa = XCConfigurationList;
			buildConfigurations = (
				0B61786D2568A3940074FA73 /* Debug */,
				0B61786E2568A3940074FA73 /* Release */,
			);
			defaultConfigurationIsVisible = 0;
			defaultConfigurationName = Release;
		};
		0B61786F2568A3940074FA73 /* Build configuration list for PBXNativeTarget "MessengerUITests" */ = {
			isa = XCConfigurationList;
			buildConfigurations = (
				0B6178702568A3940074FA73 /* Debug */,
				0B6178712568A3940074FA73 /* Release */,
			);
			defaultConfigurationIsVisible = 0;
			defaultConfigurationName = Release;
		};
/* End XCConfigurationList section */
	};
	rootObject = 0B6178372568A3930074FA73 /* Project object */;
}
